
Microsoft Visual Studio Solution File, Format Version 12.00
# Visual Studio Express 2012 for Web
Project("{FAE04EC0-301F-11D3-BF4B-00C04F79EFBC}") = "qr", "cim2\qr.csproj", "{83CC25BA-2518-4190-9479-4751A5B85F29}"
EndProject
Global
	GlobalSection(SolutionConfigurationPlatforms) = preSolution
		Debug|Any CPU = Debug|Any CPU
		Release|Any CPU = Release|Any CPU
	EndGlobalSection
	GlobalSection(ProjectConfigurationPlatforms) = postSolution
		{83CC25BA-2518-4190-9479-4751A5B85F29}.Debug|Any CPU.ActiveCfg = Debug|Any CPU
		{83CC25BA-2518-4190-9479-4751A5B85F29}.Debug|Any CPU.Build.0 = Debug|Any CPU
		{83CC25BA-2518-4190-9479-4751A5B85F29}.Release|Any CPU.ActiveCfg = Release|Any CPU
		{83CC25BA-2518-4190-9479-4751A5B85F29}.Release|Any CPU.Build.0 = Release|Any CPU
	EndGlobalSection
	GlobalSection(SolutionProperties) = preSolution
		HideSolutionNode = FALSE
	EndGlobalSection
EndGlobal
